colors:
  hover-block-background-color: '#BCCACA'
  hover-block-textarea-background-color: '#FFFFFF'
  hover-block-border-color: '#859F9F'
  hover-block-heading-color: '#FFFFFF'
  hover-block-subheading-color: 'transparent'
  hover-block-subheading-hover-color: '#2f3031'
  hover-block-textarea-color: '#2f3031'
fonts:
  hover-block-heading-font: Shrikhand, cursive
  hover-block-subheading-font: Shrikhand, cursive
  hover-block-text-font: Poppins, sans-serif

  
    